<?xml version="1.0" encoding="utf-8"?>
<Project ToolsVersion="4.0" xmlns="http://schemas.microsoft.com/developer/msbuild/2003">
  <ItemGroup>
    <Filter Include="Source Files">
      <UniqueIdentifier>{4FC737F1-C7A5-4376-A066-2A32D752A2FF}</UniqueIdentifier>
      <Extensions>cpp;c;cc;cxx;def;odl;idl;hpj;bat;asm;asmx</Extensions>
    </Filter>
    <Filter Include="Header Files">
      <UniqueIdentifier>{93995380-89BD-4b04-88EB-625FBE52EBFB}</UniqueIdentifier>
      <Extensions>h;hpp;hxx;hm;inl;inc;xsd</Extensions>
    </Filter>
    <Filter Include="Resource Files">
      <UniqueIdentifier>{67DA6AB6-F800-4c08-8B7A-83BB121AAD01}</UniqueIdentifier>
      <Extensions>rc;ico;cur;bmp;dlg;rc2;rct;bin;rgs;gif;jpg;jpeg;jpe;resx;tiff;tif;png;wav;mfcribbon-ms</Extensions>
    </Filter>
    <Filter Include="Header Files\pathfinding">
      <UniqueIdentifier>{370cc426-3bb2-4fa1-a418-e8a82b3c7bbb}</UniqueIdentifier>
    </Filter>
    <Filter Include="Source Files\pathfinding">
      <UniqueIdentifier>{474fbefa-c012-4187-954c-fdb12b4f06d7}</UniqueIdentifier>
    </Filter>
    <Filter Include="Header Files\Messages">
      <UniqueIdentifier>{ec9a0c9b-510a-4023-9e6d-af4d66a1bb09}</UniqueIdentifier>
    </Filter>
    <Filter Include="Source Files\Messages">
      <UniqueIdentifier>{6ed245eb-7748-42de-8afc-3fce4f0d2afe}</UniqueIdentifier>
    </Filter>
    <Filter Include="Header Files\Debug Content">
      <UniqueIdentifier>{49ec0275-96c2-481b-9f0b-dfa184779bde}</UniqueIdentifier>
    </Filter>
    <Filter Include="Source Files\Debug Content">
      <UniqueIdentifier>{a0398109-500b-40a3-8fe4-97c7a109551b}</UniqueIdentifier>
    </Filter>
    <Filter Include="Header Files\Managers">
      <UniqueIdentifier>{51086b1c-36cc-4b1d-96a5-527d4a2314a0}</UniqueIdentifier>
    </Filter>
    <Filter Include="Source Files\Managers">
      <UniqueIdentifier>{caec71e8-f08b-4b67-81fa-ab4763537c2f}</UniqueIdentifier>
    </Filter>
    <Filter Include="Header Files\Entities">
      <UniqueIdentifier>{eb7b8ea5-def1-40d8-89a5-a323b48e0dc2}</UniqueIdentifier>
    </Filter>
    <Filter Include="Source Files\Entities">
      <UniqueIdentifier>{719ef69a-7bb6-472d-88bc-7c6b485a78e7}</UniqueIdentifier>
    </Filter>
    <Filter Include="Header Files\State Machines">
      <UniqueIdentifier>{2f633779-508a-4ee2-9761-44ddd5641fa3}</UniqueIdentifier>
    </Filter>
    <Filter Include="Source Files\State Machines">
      <UniqueIdentifier>{ee611f39-900e-4a6f-b86b-8516123f0afc}</UniqueIdentifier>
    </Filter>
    <Filter Include="Header Files\Steering">
      <UniqueIdentifier>{efb51596-88b8-425c-9b89-a949690d5677}</UniqueIdentifier>
    </Filter>
    <Filter Include="Source Files\Steering">
      <UniqueIdentifier>{4cdddfb7-515f-4992-9104-14dc3e7ab18d}</UniqueIdentifier>
    </Filter>
    <Filter Include="Header Files\Util">
      <UniqueIdentifier>{b4c31497-0f01-4fa3-88b2-e9012bb762ee}</UniqueIdentifier>
    </Filter>
    <Filter Include="Source Files\Util">
      <UniqueIdentifier>{aef01a31-117c-49ef-9f71-cdbaaa16c9f2}</UniqueIdentifier>
    </Filter>
    <Filter Include="Header Files\Menus">
      <UniqueIdentifier>{2ac16a78-33a6-40de-bd06-b8b953930966}</UniqueIdentifier>
    </Filter>
    <Filter Include="Source Files\Menus">
      <UniqueIdentifier>{26cd4c58-70e9-47c4-8470-3be30f8ef620}</UniqueIdentifier>
    </Filter>
  </ItemGroup>
  <ItemGroup>
    <ClInclude Include="GameApp.h">
      <Filter>Header Files</Filter>
    </ClInclude>
    <ClInclude Include="Connection.h">
      <Filter>Header Files\pathfinding</Filter>
    </ClInclude>
    <ClInclude Include="Graph.h">
      <Filter>Header Files\pathfinding</Filter>
    </ClInclude>
    <ClInclude Include="Node.h">
      <Filter>Header Files\pathfinding</Filter>
    </ClInclude>
    <ClInclude Include="GridGraph.h">
      <Filter>Header Files\pathfinding</Filter>
    </ClInclude>
    <ClInclude Include="Path.h">
      <Filter>Header Files\pathfinding</Filter>
    </ClInclude>
    <ClInclude Include="Pathfinder.h">
      <Filter>Header Files\pathfinding</Filter>
    </ClInclude>
    <ClInclude Include="DepthFirstPathfinder.h">
      <Filter>Header Files\pathfinding</Filter>
    </ClInclude>
    <ClInclude Include="GridPathfinder.h">
      <Filter>Header Files\pathfinding</Filter>
    </ClInclude>
    <ClInclude Include="PathToMessage.h">
      <Filter>Header Files\Messages</Filter>
    </ClInclude>
    <ClInclude Include="ExitGameMessage.h">
      <Filter>Header Files\Messages</Filter>
    </ClInclude>
    <ClInclude Include="GameMessage.h">
      <Filter>Header Files\Messages</Filter>
    </ClInclude>
    <ClInclude Include="Dijkstra.h">
      <Filter>Header Files\pathfinding</Filter>
    </ClInclude>
    <ClInclude Include="AStar.h">
      <Filter>Header Files\pathfinding</Filter>
    </ClInclude>
    <ClInclude Include="ChangePathfindingMessage.h">
      <Filter>Header Files\Messages</Filter>
    </ClInclude>
    <ClInclude Include="PathfindingDebugContent.h">
      <Filter>Header Files\Debug Content</Filter>
    </ClInclude>
    <ClInclude Include="InputManager.h">
      <Filter>Header Files\Managers</Filter>
    </ClInclude>
    <ClInclude Include="GameMessageManager.h">
      <Filter>Header Files\Managers</Filter>
    </ClInclude>
    <ClInclude Include="DebugDisplay.h">
      <Filter>Header Files\Debug Content</Filter>
    </ClInclude>
    <ClInclude Include="DebugContent.h">
      <Filter>Header Files\Debug Content</Filter>
    </ClInclude>
    <ClInclude Include="Player.h">
      <Filter>Header Files\Entities</Filter>
    </ClInclude>
    <ClInclude Include="Kinematic.h">
      <Filter>Header Files\Entities</Filter>
    </ClInclude>
    <ClInclude Include="KinematicUnit.h">
      <Filter>Header Files\Entities</Filter>
    </ClInclude>
    <ClInclude Include="Enemy.h">
      <Filter>Header Files\Entities</Filter>
    </ClInclude>
    <ClInclude Include="FiniteStateMachine.h">
      <Filter>Header Files\State Machines</Filter>
    </ClInclude>
    <ClInclude Include="EnemyStateMachine.h">
      <Filter>Header Files\State Machines</Filter>
    </ClInclude>
    <ClInclude Include="Steering.h">
      <Filter>Header Files\Steering</Filter>
    </ClInclude>
    <ClInclude Include="UnitManager.h">
      <Filter>Header Files\Managers</Filter>
    </ClInclude>
    <ClInclude Include="ChangePlayerDirectionMessage.h">
      <Filter>Header Files\Messages</Filter>
    </ClInclude>
    <ClInclude Include="ArriveSteering.h">
      <Filter>Header Files\Steering</Filter>
    </ClInclude>
    <ClInclude Include="Hitbox.h">
      <Filter>Header Files\Util</Filter>
    </ClInclude>
    <ClInclude Include="Hitcircle.h">
      <Filter>Header Files\Util</Filter>
    </ClInclude>
    <ClInclude Include="Menu.h">
      <Filter>Header Files\Menus</Filter>
    </ClInclude>
    <ClInclude Include="MainMenu.h">
      <Filter>Header Files\Menus</Filter>
    </ClInclude>
    <ClInclude Include="HelpMenu.h">
      <Filter>Header Files\Menus</Filter>
    </ClInclude>
    <ClInclude Include="CoinPickUpMessage.h">
      <Filter>Header Files\Messages</Filter>
    </ClInclude>
    <ClInclude Include="ChangeRoomMessage.h">
      <Filter>Header Files\Messages</Filter>
    </ClInclude>
    <ClInclude Include="ChangeMenuSelectionMessage.h">
      <Filter>Header Files\Messages</Filter>
    </ClInclude>
    <ClInclude Include="ChangeStateMessage.h">
      <Filter>Header Files\Messages</Filter>
    </ClInclude>
  </ItemGroup>
  <ItemGroup>
    <ClCompile Include="main.cpp">
      <Filter>Source Files</Filter>
    </ClCompile>
    <ClCompile Include="GameApp.cpp">
      <Filter>Source Files</Filter>
    </ClCompile>
    <ClCompile Include="Graph.cpp">
      <Filter>Source Files\pathfinding</Filter>
    </ClCompile>
    <ClCompile Include="Connection.cpp">
      <Filter>Source Files\pathfinding</Filter>
    </ClCompile>
    <ClCompile Include="Node.cpp">
      <Filter>Source Files\pathfinding</Filter>
    </ClCompile>
    <ClCompile Include="GridGraph.cpp">
      <Filter>Source Files\pathfinding</Filter>
    </ClCompile>
    <ClCompile Include="Path.cpp">
      <Filter>Source Files\pathfinding</Filter>
    </ClCompile>
    <ClCompile Include="Pathfinder.cpp">
      <Filter>Source Files\pathfinding</Filter>
    </ClCompile>
    <ClCompile Include="DepthFirstPathfinder.cpp">
      <Filter>Source Files\pathfinding</Filter>
    </ClCompile>
    <ClCompile Include="GridPathfinder.cpp">
      <Filter>Source Files\pathfinding</Filter>
    </ClCompile>
    <ClCompile Include="PathToMessage.cpp">
      <Filter>Source Files\Messages</Filter>
    </ClCompile>
    <ClCompile Include="ExitGameMessage.cpp">
      <Filter>Source Files\Messages</Filter>
    </ClCompile>
    <ClCompile Include="GameMessage.cpp">
      <Filter>Source Files\Messages</Filter>
    </ClCompile>
    <ClCompile Include="Dijkstra.cpp">
      <Filter>Source Files\pathfinding</Filter>
    </ClCompile>
    <ClCompile Include="AStar.cpp">
      <Filter>Source Files\pathfinding</Filter>
    </ClCompile>
    <ClCompile Include="ChangePathfindingMessage.cpp">
      <Filter>Source Files\Messages</Filter>
    </ClCompile>
    <ClCompile Include="PathfindingDebugContent.cpp">
      <Filter>Source Files\Debug Content</Filter>
    </ClCompile>
    <ClCompile Include="InputManager.cpp">
      <Filter>Source Files\Managers</Filter>
    </ClCompile>
    <ClCompile Include="GameMessageManager.cpp">
      <Filter>Source Files\Managers</Filter>
    </ClCompile>
    <ClCompile Include="DebugDisplay.cpp">
      <Filter>Source Files\Debug Content</Filter>
    </ClCompile>
    <ClCompile Include="Kinematic.cpp">
      <Filter>Source Files\Entities</Filter>
    </ClCompile>
    <ClCompile Include="Steering.cpp">
      <Filter>Source Files\Steering</Filter>
    </ClCompile>
    <ClCompile Include="KinematicUnit.cpp">
      <Filter>Source Files\Entities</Filter>
    </ClCompile>
    <ClCompile Include="UnitManager.cpp">
      <Filter>Source Files\Managers</Filter>
    </ClCompile>
    <ClCompile Include="Player.cpp">
      <Filter>Source Files\Entities</Filter>
    </ClCompile>
    <ClCompile Include="ChangePlayerDirectionMessage.cpp">
      <Filter>Source Files\Messages</Filter>
    </ClCompile>
    <ClCompile Include="ArriveSteering.cpp">
      <Filter>Source Files\Steering</Filter>
    </ClCompile>
    <ClCompile Include="Enemy.cpp">
      <Filter>Source Files\Entities</Filter>
    </ClCompile>
    <ClCompile Include="Hitbox.cpp">
      <Filter>Source Files\Util</Filter>
    </ClCompile>
    <ClCompile Include="Hitcircle.cpp">
      <Filter>Source Files\Util</Filter>
    </ClCompile>
    <ClCompile Include="MainMenu.cpp">
      <Filter>Source Files\Menus</Filter>
    </ClCompile>
    <ClCompile Include="CoinPickUpMessage.cpp">
      <Filter>Source Files\Messages</Filter>
    </ClCompile>
    <ClCompile Include="ChangeRoomMessage.cpp">
      <Filter>Source Files\Messages</Filter>
    </ClCompile>
    <ClCompile Include="ChangeMenuSelectionMessage.cpp">
      <Filter>Source Files\Messages</Filter>
    </ClCompile>
    <ClCompile Include="ChangeStateMessage.cpp">
      <Filter>Source Files\Messages</Filter>
    </ClCompile>
    <ClCompile Include="HelpMenu.cpp">
      <Filter>Source Files\Menus</Filter>
    </ClCompile>
  </ItemGroup>
</Project>